// !$*UTF8*$!
{
	archiveVersion = 1;
	classes = {
	};
	objectVersion = 56;
	objects = {

/* Begin PBXBuildFile section */
		E1C8CA642B19A92200E5E4F0 /* AppDelegate.swift in Sources */ = {isa = PBXBuildFile; fileRef = E1C8CA632B19A92200E5E4F0 /* AppDelegate.swift */; };
		E1C8CA662B19A92200E5E4F0 /* SceneDelegate.swift in Sources */ = {isa = PBXBuildFile; fileRef = E1C8CA652B19A92200E5E4F0 /* SceneDelegate.swift */; };
		E1C8CA682B19A92200E5E4F0 /* ViewController.swift in Sources */ = {isa = PBXBuildFile; fileRef = E1C8CA672B19A92200E5E4F0 /* ViewController.swift */; };
		E1C8CA6B2B19A92200E5E4F0 /* Main.storyboard in Resources */ = {isa = PBXBuildFile; fileRef = E1C8CA692B19A92200E5E4F0 /* Main.storyboard */; };
		E1C8CA6E2B19A92200E5E4F0 /* Api_and_Core_Data.xcdatamodeld in Sources */ = {isa = PBXBuildFile; fileRef = E1C8CA6C2B19A92200E5E4F0 /* Api_and_Core_Data.xcdatamodeld */; };
		E1C8CA702B19A92300E5E4F0 /* Assets.xcassets in Resources */ = {isa = PBXBuildFile; fileRef = E1C8CA6F2B19A92300E5E4F0 /* Assets.xcassets */; };
		E1C8CA732B19A92300E5E4F0 /* LaunchScreen.storyboard in Resources */ = {isa = PBXBuildFile; fileRef = E1C8CA712B19A92300E5E4F0 /* LaunchScreen.storyboard */; };
		E1C8CA7C2B19A9A800E5E4F0 /* Student+CoreDataClass.swift in Sources */ = {isa = PBXBuildFile; fileRef = E1C8CA7A2B19A9A800E5E4F0 /* Student+CoreDataClass.swift */; };
		E1C8CA7D2B19A9A800E5E4F0 /* Student+CoreDataProperties.swift in Sources */ = {isa = PBXBuildFile; fileRef = E1C8CA7B2B19A9A800E5E4F0 /* Student+CoreDataProperties.swift */; };
		E1C8CA7F2B19BBAA00E5E4F0 /* CoreDataFunctions.swift in Sources */ = {isa = PBXBuildFile; fileRef = E1C8CA7E2B19BBAA00E5E4F0 /* CoreDataFunctions.swift */; };
		E1C8CA822B19BF5C00E5E4F0 /* CoreData.framework in Frameworks */ = {isa = PBXBuildFile; fileRef = E1C8CA812B19BF5C00E5E4F0 /* CoreData.framework */; };
/* End PBXBuildFile section */

/* Begin PBXFileReference section */
		E1C8CA602B19A92200E5E4F0 /* Api and Core Data.app */ = {isa = PBXFileReference; explicitFileType = wrapper.application; includeInIndex = 0; path = "Api and Core Data.app"; sourceTree = BUILT_PRODUCTS_DIR; };
		E1C8CA632B19A92200E5E4F0 /* AppDelegate.swift */ = {isa = PBXFileReference; lastKnownFileType = sourcecode.swift; path = AppDelegate.swift; sourceTree = "<group>"; };
		E1C8CA652B19A92200E5E4F0 /* SceneDelegate.swift */ = {isa = PBXFileReference; lastKnownFileType = sourcecode.swift; path = SceneDelegate.swift; sourceTree = "<group>"; };
		E1C8CA672B19A92200E5E4F0 /* ViewController.swift */ = {isa = PBXFileReference; lastKnownFileType = sourcecode.swift; path = ViewController.swift; sourceTree = "<group>"; };
		E1C8CA6A2B19A92200E5E4F0 /* Base */ = {isa = PBXFileReference; lastKnownFileType = file.storyboard; name = Base; path = Base.lproj/Main.storyboard; sourceTree = "<group>"; };
		E1C8CA6D2B19A92200E5E4F0 /* Api_and_Core_Data.xcdatamodel */ = {isa = PBXFileReference; lastKnownFileType = wrapper.xcdatamodel; path = Api_and_Core_Data.xcdatamodel; sourceTree = "<group>"; };
		E1C8CA6F2B19A92300E5E4F0 /* Assets.xcassets */ = {isa = PBXFileReference; lastKnownFileType = folder.assetcatalog; path = Assets.xcassets; sourceTree = "<group>"; };
		E1C8CA722B19A92300E5E4F0 /* Base */ = {isa = PBXFileReference; lastKnownFileType = file.storyboard; name = Base; path = Base.lproj/LaunchScreen.storyboard; sourceTree = "<group>"; };
		E1C8CA742B19A92300E5E4F0 /* Info.plist */ = {isa = PBXFileReference; lastKnownFileType = text.plist.xml; path = Info.plist; sourceTree = "<group>"; };
		E1C8CA7A2B19A9A800E5E4F0 /* Student+CoreDataClass.swift */ = {isa = PBXFileReference; lastKnownFileType = sourcecode.swift; path = "Student+CoreDataClass.swift"; sourceTree = SOURCE_ROOT; };
		E1C8CA7B2B19A9A800E5E4F0 /* Student+CoreDataProperties.swift */ = {isa = PBXFileReference; lastKnownFileType = sourcecode.swift; path = "Student+CoreDataProperties.swift"; sourceTree = SOURCE_ROOT; };
		E1C8CA7E2B19BBAA00E5E4F0 /* CoreDataFunctions.swift */ = {isa = PBXFileReference; lastKnownFileType = sourcecode.swift; path = CoreDataFunctions.swift; sourceTree = "<group>"; };
		E1C8CA812B19BF5C00E5E4F0 /* CoreData.framework */ = {isa = PBXFileReference; lastKnownFileType = wrapper.framework; name = CoreData.framework; path = System/Library/Frameworks/CoreData.framework; sourceTree = SDKROOT; };
/* End PBXFileReference section */

/* Begin PBXFrameworksBuildPhase section */
		E1C8CA5D2B19A92200E5E4F0 /* Frameworks */ = {
			isa = PBXFrameworksBuildPhase;
			buildActionMask = 2147483647;
			files = (
				E1C8CA822B19BF5C00E5E4F0 /* CoreData.framework in Frameworks */,
			);
			runOnlyForDeploymentPostprocessing = 0;
		};
/* End PBXFrameworksBuildPhase section */

/* Begin PBXGroup section */
		E1C8CA572B19A92200E5E4F0 = {
			isa = PBXGroup;
			children = (
				E1C8CA622B19A92200E5E4F0 /* Api and Core Data */,
				E1C8CA612B19A92200E5E4F0 /* Products */,
				E1C8CA802B19BF5C00E5E4F0 /* Frameworks */,
			);
			sourceTree = "<group>";
		};
		E1C8CA612B19A92200E5E4F0 /* Products */ = {
			isa = PBXGroup;
			children = (
				E1C8CA602B19A92200E5E4F0 /* Api and Core Data.app */,
			);
			name = Products;
			sourceTree = "<group>";
		};
		E1C8CA622B19A92200E5E4F0 /* Api and Core Data */ = {
			isa = PBXGroup;
			children = (
				E1C8CA7A2B19A9A800E5E4F0 /* Student+CoreDataClass.swift */,
				E1C8CA7B2B19A9A800E5E4F0 /* Student+CoreDataProperties.swift */,
				E1C8CA632B19A92200E5E4F0 /* AppDelegate.swift */,
				E1C8CA652B19A92200E5E4F0 /* SceneDelegate.swift */,
				E1C8CA672B19A92200E5E4F0 /* ViewController.swift */,
				E1C8CA692B19A92200E5E4F0 /* Main.storyboard */,
				E1C8CA6F2B19A92300E5E4F0 /* Assets.xcassets */,
				E1C8CA712B19A92300E5E4F0 /* LaunchScreen.storyboard */,
				E1C8CA742B19A92300E5E4F0 /* Info.plist */,
				E1C8CA6C2B19A92200E5E4F0 /* Api_and_Core_Data.xcdatamodeld */,
				E1C8CA7E2B19BBAA00E5E4F0 /* CoreDataFunctions.swift */,
			);
			path = "Api and Core Data";
			sourceTree = "<group>";
		};
		E1C8CA802B19BF5C00E5E4F0 /* Frameworks */ = {
			isa = PBXGroup;
			children = (
				E1C8CA812B19BF5C00E5E4F0 /* CoreData.framework */,
			);
			name = Frameworks;
			sourceTree = "<group>";
		};
/* End PBXGroup section */

/* Begin PBXNativeTarget section */
		E1C8CA5F2B19A92200E5E4F0 /* Api and Core Data */ = {
			isa = PBXNativeTarget;
			buildConfigurationList = E1C8CA772B19A92300E5E4F0 /* Build configuration list for PBXNativeTarget "Api and Core Data" */;
			buildPhases = (
				E1C8CA5C2B19A92200E5E4F0 /* Sources */,
				E1C8CA5D2B19A92200E5E4F0 /* Frameworks */,
				E1C8CA5E2B19A92200E5E4F0 /* Resources */,
			);
			buildRules = (
			);
			dependencies = (
			);
			name = "Api and Core Data";
			productName = "Api and Core Data";
			productReference = E1C8CA602B19A92200E5E4F0 /* Api and Core Data.app */;
			productType = "com.apple.product-type.application";
		};
/* End PBXNativeTarget section */

/* Begin PBXProject section */
		E1C8CA582B19A92200E5E4F0 /* Project object */ = {
			isa = PBXProject;
			attributes = {
				BuildIndependentTargetsInParallel = 1;
				LastSwiftUpdateCheck = 1420;
				LastUpgradeCheck = 1420;
				TargetAttributes = {
					E1C8CA5F2B19A92200E5E4F0 = {
						CreatedOnToolsVersion = 14.2;
					};
				};
			};
			buildConfigurationList = E1C8CA5B2B19A92200E5E4F0 /* Build configuration list for PBXProject "Api and Core Data" */;
			compatibilityVersion = "Xcode 14.0";
			developmentRegion = en;
			hasScannedForEncodings = 0;
			knownRegions = (
				en,
				Base,
			);
			mainGroup = E1C8CA572B19A92200E5E4F0;
			productRefGroup = E1C8CA612B19A92200E5E4F0 /* Products */;
			projectDirPath = "";
			projectRoot = "";
			targets = (
				E1C8CA5F2B19A92200E5E4F0 /* Api and Core Data */,
			);
		};
/* End PBXProject section */

/* Begin PBXResourcesBuildPhase section */
		E1C8CA5E2B19A92200E5E4F0 /* Resources */ = {
			isa = PBXResourcesBuildPhase;
			buildActionMask = 2147483647;
			files = (
				E1C8CA732B19A92300E5E4F0 /* LaunchScreen.storyboard in Resources */,
				E1C8CA702B19A92300E5E4F0 /* Assets.xcassets in Resources */,
				E1C8CA6B2B19A92200E5E4F0 /* Main.storyboard in Resources */,
			);
			runOnlyForDeploymentPostprocessing = 0;
		};
/* End PBXResourcesBuildPhase section */

/* Begin PBXSourcesBuildPhase section */
		E1C8CA5C2B19A92200E5E4F0 /* Sources */ = {
			isa = PBXSourcesBuildPhase;
			buildActionMask = 2147483647;
			files = (
				E1C8CA7D2B19A9A800E5E4F0 /* Student+CoreDataProperties.swift in Sources */,
				E1C8CA682B19A92200E5E4F0 /* ViewController.swift in Sources */,
				E1C8CA642B19A92200E5E4F0 /* AppDelegate.swift in Sources */,
				E1C8CA662B19A92200E5E4F0 /* SceneDelegate.swift in Sources */,
				E1C8CA7F2B19BBAA00E5E4F0 /* CoreDataFunctions.swift in Sources */,
				E1C8CA6E2B19A92200E5E4F0 /* Api_and_Core_Data.xcdatamodeld in Sources */,
				E1C8CA7C2B19A9A800E5E4F0 /* Student+CoreDataClass.swift in Sources */,
			);
			runOnlyForDeploymentPostprocessing = 0;
		};
/* End PBXSourcesBuildPhase section */

/* Begin PBXVariantGroup section */
		E1C8CA692B19A92200E5E4F0 /* Main.storyboard */ = {
			isa = PBXVariantGroup;
			children = (
				E1C8CA6A2B19A92200E5E4F0 /* Base */,
			);
			name = Main.storyboard;
			sourceTree = "<group>";
		};
		E1C8CA712B19A92300E5E4F0 /* LaunchScreen.storyboard */ = {
			isa = PBXVariantGroup;
			children = (
				E1C8CA722B19A92300E5E4F0 /* Base */,
			);
			name = LaunchScreen.storyboard;
			sourceTree = "<group>";
		};
/* End PBXVariantGroup section */

/* Begin XCBuildConfiguration section */
		E1C8CA752B19A92300E5E4F0 /* Debug */ = {
			isa = XCBuildConfiguration;
			buildSettings = {
				ALWAYS_SEARCH_USER_PATHS = NO;
				CLANG_ANALYZER_NONNULL = YES;
				CLANG_ANALYZER_NUMBER_OBJECT_CONVERSION = YES_AGGRESSIVE;
				CLANG_CXX_LANGUAGE_STANDARD = "gnu++20";
				CLANG_ENABLE_MODULES = YES;
				CLANG_ENABLE_OBJC_ARC = YES;
				CLANG_ENABLE_OBJC_WEAK = YES;
				CLANG_WARN_BLOCK_CAPTURE_AUTORELEASING = YES;
				CLANG_WARN_BOOL_CONVERSION = YES;
				CLANG_WARN_COMMA = YES;
				CLANG_WARN_CONSTANT_CONVERSION = YES;
				CLANG_WARN_DEPRECATED_OBJC_IMPLEMENTATIONS = YES;
				CLANG_WARN_DIRECT_OBJC_ISA_USAGE = YES_ERROR;
				CLANG_WARN_DOCUMENTATION_COMMENTS = YES;
				CLANG_WARN_EMPTY_BODY = YES;
				CLANG_WARN_ENUM_CONVERSION = YES;
				CLANG_WARN_INFINITE_RECURSION = YES;
				CLANG_WARN_INT_CONVERSION = YES;
				CLANG_WARN_NON_LITERAL_NULL_CONVERSION = YES;
				CLANG_WARN_OBJC_IMPLICIT_RETAIN_SELF = YES;
				CLANG_WARN_OBJC_LITERAL_CONVERSION = YES;
				CLANG_WARN_OBJC_ROOT_CLASS = YES_ERROR;
				CLANG_WARN_QUOTED_INCLUDE_IN_FRAMEWORK_HEADER = YES;
				CLANG_WARN_RANGE_LOOP_ANALYSIS = YES;
				CLANG_WARN_STRICT_PROTOTYPES = YES;
				CLANG_WARN_SUSPICIOUS_MOVE = YES;
				CLANG_WARN_UNGUARDED_AVAILABILITY = YES_AGGRESSIVE;
				CLANG_WARN_UNREACHABLE_CODE = YES;
				CLANG_WARN__DUPLICATE_METHOD_MATCH = YES;
				COPY_PHASE_STRIP = NO;
				DEBUG_INFORMATION_FORMAT = dwarf;
				ENABLE_STRICT_OBJC_MSGSEND = YES;
				ENABLE_TESTABILITY = YES;
				GCC_C_LANGUAGE_STANDARD = gnu11;
				GCC_DYNAMIC_NO_PIC = NO;
				GCC_NO_COMMON_BLOCKS = YES;
				GCC_OPTIMIZATION_LEVEL = 0;
				GCC_PREPROCESSOR_DEFINITIONS = (
					"DEBUG=1",
					"$(inherited)",
				);
				GCC_WARN_64_TO_32_BIT_CONVERSION = YES;
				GCC_WARN_ABOUT_RETURN_TYPE = YES_ERROR;
				GCC_WARN_UNDECLARED_SELECTOR = YES;
				GCC_WARN_UNINITIALIZED_AUTOS = YES_AGGRESSIVE;
				GCC_WARN_UNUSED_FUNCTION = YES;
				GCC_WARN_UNUSED_VARIABLE = YES;
				IPHONEOS_DEPLOYMENT_TARGET = 16.2;
				MTL_ENABLE_DEBUG_INFO = INCLUDE_SOURCE;
				MTL_FAST_MATH = YES;
				ONLY_ACTIVE_ARCH = YES;
				SDKROOT = iphoneos;
				SWIFT_ACTIVE_COMPILATION_CONDITIONS = DEBUG;
				SWIFT_OPTIMIZATION_LEVEL = "-Onone";
			};
			name = Debug;
		};
		E1C8CA762B19A92300E5E4F0 /* Release */ = {
			isa = XCBuildConfiguration;
			buildSettings = {
				ALWAYS_SEARCH_USER_PATHS = NO;
				CLANG_ANALYZER_NONNULL = YES;
				CLANG_ANALYZER_NUMBER_OBJECT_CONVERSION = YES_AGGRESSIVE;
				CLANG_CXX_LANGUAGE_STANDARD = "gnu++20";
				CLANG_ENABLE_MODULES = YES;
				CLANG_ENABLE_OBJC_ARC = YES;
				CLANG_ENABLE_OBJC_WEAK = YES;
				CLANG_WARN_BLOCK_CAPTURE_AUTORELEASING = YES;
				CLANG_WARN_BOOL_CONVERSION = YES;
				CLANG_WARN_COMMA = YES;
				CLANG_WARN_CONSTANT_CONVERSION = YES;
				CLANG_WARN_DEPRECATED_OBJC_IMPLEMENTATIONS = YES;
				CLANG_WARN_DIRECT_OBJC_ISA_USAGE = YES_ERROR;
				CLANG_WARN_DOCUMENTATION_COMMENTS = YES;
				CLANG_WARN_EMPTY_BODY = YES;
				CLANG_WARN_ENUM_CONVERSION = YES;
				CLANG_WARN_INFINITE_RECURSION = YES;
				CLANG_WARN_INT_CONVERSION = YES;
				CLANG_WARN_NON_LITERAL_NULL_CONVERSION = YES;
				CLANG_WARN_OBJC_IMPLICIT_RETAIN_SELF = YES;
				CLANG_WARN_OBJC_LITERAL_CONVERSION = YES;
				CLANG_WARN_OBJC_ROOT_CLASS = YES_ERROR;
				CLANG_WARN_QUOTED_INCLUDE_IN_FRAMEWORK_HEADER = YES;
				CLANG_WARN_RANGE_LOOP_ANALYSIS = YES;
				CLANG_WARN_STRICT_PROTOTYPES = YES;
				CLANG_WARN_SUSPICIOUS_MOVE = YES;
				CLANG_WARN_UNGUARDED_AVAILABILITY = YES_AGGRESSIVE;
				CLANG_WARN_UNREACHABLE_CODE = YES;
				CLANG_WARN__DUPLICATE_METHOD_MATCH = YES;
				COPY_PHASE_STRIP = NO;
				DEBUG_INFORMATION_FORMAT = "dwarf-with-dsym";
				ENABLE_NS_ASSERTIONS = NO;
				ENABLE_STRICT_OBJC_MSGSEND = YES;
				GCC_C_LANGUAGE_STANDARD = gnu11;
				GCC_NO_COMMON_BLOCKS = YES;
				GCC_WARN_64_TO_32_BIT_CONVERSION = YES;
				GCC_WARN_ABOUT_RETURN_TYPE = YES_ERROR;
				GCC_WARN_UNDECLARED_SELECTOR = YES;
				GCC_WARN_UNINITIALIZED_AUTOS = YES_AGGRESSIVE;
				GCC_WARN_UNUSED_FUNCTION = YES;
				GCC_WARN_UNUSED_VARIABLE = YES;
				IPHONEOS_DEPLOYMENT_TARGET = 16.2;
				MTL_ENABLE_DEBUG_INFO = NO;
				MTL_FAST_MATH = YES;
				SDKROOT = iphoneos;
				SWIFT_COMPILATION_MODE = wholemodule;
				SWIFT_OPTIMIZATION_LEVEL = "-O";
				VALIDATE_PRODUCT = YES;
			};
			name = Release;
		};
		E1C8CA782B19A92300E5E4F0 /* Debug */ = {
			isa = XCBuildConfiguration;
			buildSettings = {
				ASSETCATALOG_COMPILER_APPICON_NAME = AppIcon;
				ASSETCATALOG_COMPILER_GLOBAL_ACCENT_COLOR_NAME = AccentColor;
				CODE_SIGN_STYLE = Automatic;
				CURRENT_PROJECT_VERSION = 1;
				DEVELOPMENT_TEAM = LK7PT49XRA;
				GENERATE_INFOPLIST_FILE = YES;
				INFOPLIST_FILE = "Api and Core Data/Info.plist";
				INFOPLIST_KEY_UIApplicationSupportsIndirectInputEvents = YES;
				INFOPLIST_KEY_UILaunchStoryboardName = LaunchScreen;
				INFOPLIST_KEY_UIMainStoryboardFile = Main;
				INFOPLIST_KEY_UISupportedInterfaceOrientations_iPad = "UIInterfaceOrientationPortrait UIInterfaceOrientationPortraitUpsideDown UIInterfaceOrientationLandscapeLeft UIInterfaceOrientationLandscapeRight";
				INFOPLIST_KEY_UISupportedInterfaceOrientations_iPhone = "UIInterfaceOrientationPortrait UIInterfaceOrientationLandscapeLeft UIInterfaceOrientationLandscapeRight";
				LD_RUNPATH_SEARCH_PATHS = (
					"$(inherited)",
					"@executable_path/Frameworks",
				);
				MARKETING_VERSION = 1.0;
				PRODUCT_BUNDLE_IDENTIFIER = "FenrisGyroscope.Api-and-Core-Data";
				PRODUCT_NAME = "$(TARGET_NAME)";
				SWIFT_EMIT_LOC_STRINGS = YES;
				SWIFT_VERSION = 5.0;
				TARGETED_DEVICE_FAMILY = "1,2";
			};
			name = Debug;
		};
		E1C8CA792B19A92300E5E4F0 /* Release */ = {
			isa = XCBuildConfiguration;
			buildSettings = {
				ASSETCATALOG_COMPILER_APPICON_NAME = AppIcon;
				ASSETCATALOG_COMPILER_GLOBAL_ACCENT_COLOR_NAME = AccentColor;
				CODE_SIGN_STYLE = Automatic;
				CURRENT_PROJECT_VERSION = 1;
				DEVELOPMENT_TEAM = LK7PT49XRA;
				GENERATE_INFOPLIST_FILE = YES;
				INFOPLIST_FILE = "Api and Core Data/Info.plist";
				INFOPLIST_KEY_UIApplicationSupportsIndirectInputEvents = YES;
				INFOPLIST_KEY_UILaunchStoryboardName = LaunchScreen;
				INFOPLIST_KEY_UIMainStoryboardFile = Main;
				INFOPLIST_KEY_UISupportedInterfaceOrientations_iPad = "UIInterfaceOrientationPortrait UIInterfaceOrientationPortraitUpsideDown UIInterfaceOrientationLandscapeLeft UIInterfaceOrientationLandscapeRight";
				INFOPLIST_KEY_UISupportedInterfaceOrientations_iPhone = "UIInterfaceOrientationPortrait UIInterfaceOrientationLandscapeLeft UIInterfaceOrientationLandscapeRight";
				LD_RUNPATH_SEARCH_PATHS = (
					"$(inherited)",
					"@executable_path/Frameworks",
				);
				MARKETING_VERSION = 1.0;
				PRODUCT_BUNDLE_IDENTIFIER = "FenrisGyroscope.Api-and-Core-Data";
				PRODUCT_NAME = "$(TARGET_NAME)";
				SWIFT_EMIT_LOC_STRINGS = YES;
				SWIFT_VERSION = 5.0;
				TARGETED_DEVICE_FAMILY = "1,2";
			};
			name = Release;
		};
/* End XCBuildConfiguration section */

/* Begin XCConfigurationList section */
		E1C8CA5B2B19A92200E5E4F0 /* Build configuration list for PBXProject "Api and Core Data" */ = {
			isa = XCConfigurationList;
			buildConfigurations = (
				E1C8CA752B19A92300E5E4F0 /* Debug */,
				E1C8CA762B19A92300E5E4F0 /* Release */,
			);
			defaultConfigurationIsVisible = 0;
			defaultConfigurationName = Release;
		};
		E1C8CA772B19A92300E5E4F0 /* Build configuration list for PBXNativeTarget "Api and Core Data" */ = {
			isa = XCConfigurationList;
			buildConfigurations = (
				E1C8CA782B19A92300E5E4F0 /* Debug */,
				E1C8CA792B19A92300E5E4F0 /* Release */,
			);
			defaultConfigurationIsVisible = 0;
			defaultConfigurationName = Release;
		};
/* End XCConfigurationList section */

/* Begin XCVersionGroup section */
		E1C8CA6C2B19A92200E5E4F0 /* Api_and_Core_Data.xcdatamodeld */ = {
			isa = XCVersionGroup;
			children = (
				E1C8CA6D2B19A92200E5E4F0 /* Api_and_Core_Data.xcdatamodel */,
			);
			currentVersion = E1C8CA6D2B19A92200E5E4F0 /* Api_and_Core_Data.xcdatamodel */;
			path = Api_and_Core_Data.xcdatamodeld;
			sourceTree = "<group>";
			versionGroupType = wrapper.xcdatamodel;
		};
/* End XCVersionGroup section */
	};
	rootObject = E1C8CA582B19A92200E5E4F0 /* Project object */;
}
